
Microsoft Visual Studio Solution File, Format Version 12.00
# Visual Studio Version 17
VisualStudioVersion = 17.0.31919.166
MinimumVisualStudioVersion = 10.0.40219.1
Project("{9A19103F-16F7-4668-BE54-9A1E7A4F7556}") = "Quaranta", "Quaranta\Quaranta.csproj", "{912D0E25-620F-4625-8418-6FD3BBD117E5}"
EndProject
Project("{2150E333-8FDC-42A3-9474-1A3956D46DE8}") = "Tests", "Tests", "{9E397EB5-9E32-4014-872A-1D1B644A62C7}"
EndProject
Project("{9A19103F-16F7-4668-BE54-9A1E7A4F7556}") = "Quaranta.Tests", "Tests\Quaranta.Tests\Quaranta.Tests.csproj", "{18D72B65-5558-452B-A6FF-D47F61086028}"
EndProject
Project("{9A19103F-16F7-4668-BE54-9A1E7A4F7556}") = "ConsoleQuaranta", "ConsoleQuaranta\ConsoleQuaranta.csproj", "{B382CCB2-BAA1-4690-ACA5-8E02D8F68944}"
EndProject
Project("{9A19103F-16F7-4668-BE54-9A1E7A4F7556}") = "CardGame", "CardGame\CardGame.csproj", "{9D120C41-C7E5-493E-98C9-57C733DD6E9A}"
EndProject
Global
	GlobalSection(SolutionConfigurationPlatforms) = preSolution
		Debug|Any CPU = Debug|Any CPU
		Release|Any CPU = Release|Any CPU
	EndGlobalSection
	GlobalSection(ProjectConfigurationPlatforms) = postSolution
		{912D0E25-620F-4625-8418-6FD3BBD117E5}.Debug|Any CPU.ActiveCfg = Debug|Any CPU
		{912D0E25-620F-4625-8418-6FD3BBD117E5}.Debug|Any CPU.Build.0 = Debug|Any CPU
		{912D0E25-620F-4625-8418-6FD3BBD117E5}.Release|Any CPU.ActiveCfg = Release|Any CPU
		{912D0E25-620F-4625-8418-6FD3BBD117E5}.Release|Any CPU.Build.0 = Release|Any CPU
		{18D72B65-5558-452B-A6FF-D47F61086028}.Debug|Any CPU.ActiveCfg = Debug|Any CPU
		{18D72B65-5558-452B-A6FF-D47F61086028}.Debug|Any CPU.Build.0 = Debug|Any CPU
		{18D72B65-5558-452B-A6FF-D47F61086028}.Release|Any CPU.ActiveCfg = Release|Any CPU
		{18D72B65-5558-452B-A6FF-D47F61086028}.Release|Any CPU.Build.0 = Release|Any CPU
		{B382CCB2-BAA1-4690-ACA5-8E02D8F68944}.Debug|Any CPU.ActiveCfg = Debug|Any CPU
		{B382CCB2-BAA1-4690-ACA5-8E02D8F68944}.Debug|Any CPU.Build.0 = Debug|Any CPU
		{B382CCB2-BAA1-4690-ACA5-8E02D8F68944}.Release|Any CPU.ActiveCfg = Release|Any CPU
		{B382CCB2-BAA1-4690-ACA5-8E02D8F68944}.Release|Any CPU.Build.0 = Release|Any CPU
		{9D120C41-C7E5-493E-98C9-57C733DD6E9A}.Debug|Any CPU.ActiveCfg = Debug|Any CPU
		{9D120C41-C7E5-493E-98C9-57C733DD6E9A}.Debug|Any CPU.Build.0 = Debug|Any CPU
		{9D120C41-C7E5-493E-98C9-57C733DD6E9A}.Release|Any CPU.ActiveCfg = Release|Any CPU
		{9D120C41-C7E5-493E-98C9-57C733DD6E9A}.Release|Any CPU.Build.0 = Release|Any CPU
	EndGlobalSection
	GlobalSection(SolutionProperties) = preSolution
		HideSolutionNode = FALSE
	EndGlobalSection
	GlobalSection(NestedProjects) = preSolution
		{18D72B65-5558-452B-A6FF-D47F61086028} = {9E397EB5-9E32-4014-872A-1D1B644A62C7}
	EndGlobalSection
	GlobalSection(ExtensibilityGlobals) = postSolution
		SolutionGuid = {AFFBA97F-A9C9-4247-B206-DE3B4C7C1EE9}
	EndGlobalSection
EndGlobal
